
Microsoft Visual Studio Solution File, Format Version 12.00
# Visual Studio Version 17
VisualStudioVersion = 17.7.34031.279
MinimumVisualStudioVersion = 10.0.40219.1
Project("{FAE04EC0-301F-11D3-BF4B-00C04F79EFBC}") = "EFCore.API", "EFCore.API\EFCore.API.csproj", "{ADD8B962-0B9C-4A87-9D20-BC19ABAEBF43}"
EndProject
Project("{FAE04EC0-301F-11D3-BF4B-00C04F79EFBC}") = "Domain", "Domain\Domain.csproj", "{59EC223B-7E48-4384-AED1-C3E75BDD6563}"
EndProject
Global
	GlobalSection(SolutionConfigurationPlatforms) = preSolution
		Debug|Any CPU = Debug|Any CPU
		Release|Any CPU = Release|Any CPU
	EndGlobalSection
	GlobalSection(ProjectConfigurationPlatforms) = postSolution
		{ADD8B962-0B9C-4A87-9D20-BC19ABAEBF43}.Debug|Any CPU.ActiveCfg = Debug|Any CPU
		{ADD8B962-0B9C-4A87-9D20-BC19ABAEBF43}.Debug|Any CPU.Build.0 = Debug|Any CPU
		{ADD8B962-0B9C-4A87-9D20-BC19ABAEBF43}.Release|Any CPU.ActiveCfg = Release|Any CPU
		{ADD8B962-0B9C-4A87-9D20-BC19ABAEBF43}.Release|Any CPU.Build.0 = Release|Any CPU
		{59EC223B-7E48-4384-AED1-C3E75BDD6563}.Debug|Any CPU.ActiveCfg = Debug|Any CPU
		{59EC223B-7E48-4384-AED1-C3E75BDD6563}.Debug|Any CPU.Build.0 = Debug|Any CPU
		{59EC223B-7E48-4384-AED1-C3E75BDD6563}.Release|Any CPU.ActiveCfg = Release|Any CPU
		{59EC223B-7E48-4384-AED1-C3E75BDD6563}.Release|Any CPU.Build.0 = Release|Any CPU
	EndGlobalSection
	GlobalSection(SolutionProperties) = preSolution
		HideSolutionNode = FALSE
	EndGlobalSection
	GlobalSection(ExtensibilityGlobals) = postSolution
		SolutionGuid = {50BC4038-FCA3-4811-8BC1-367874EDF6EA}
	EndGlobalSection
EndGlobal
